github.com/Sher-zod/bank v0.0.0-20200929041208-4614a5bbe71e h1:EIcyLHsM+qn5a/xSwQkhaVskRvuLRCZHZ6n4fAzjDus=
github.com/Sher-zod/bank v0.0.0-20200929041208-4614a5bbe71e/go.mod h1:As2ZU3hjRM6fn/qSjJfMYLgS9dGkO7MOp8fSQhdX/58=
github.com/Sher-zod/bank v0.0.0-20200929050324-912a4eb01b8f h1:vsKisb/mbsqqBw5n7Qegq7ZdJcDASAo6W8Uk7DSSlZE=
github.com/Sher-zod/bank v0.0.0-20200929050324-912a4eb01b8f/go.mod h1:As2ZU3hjRM6fn/qSjJfMYLgS9dGkO7MOp8fSQhdX/58=
